
Microsoft Visual Studio Solution File, Format Version 12.00
# Visual Studio Version 16
VisualStudioVersion = 16.0.30503.244
MinimumVisualStudioVersion = 10.0.40219.1
Project("{FAE04EC0-301F-11D3-BF4B-00C04F79EFBC}") = "Lab2", "Lab2\Lab2.csproj", "{7E3BDE7A-7076-414F-9BAB-75DE7C771ED4}"
EndProject
Project("{FAE04EC0-301F-11D3-BF4B-00C04F79EFBC}") = "Enigma", "Enigma\Enigma.csproj", "{7140BAE7-9535-4207-BC08-D36BB4AE363E}"
EndProject
Global
	GlobalSection(SolutionConfigurationPlatforms) = preSolution
		Debug|Any CPU = Debug|Any CPU
		Release|Any CPU = Release|Any CPU
	EndGlobalSection
	GlobalSection(ProjectConfigurationPlatforms) = postSolution
		{7E3BDE7A-7076-414F-9BAB-75DE7C771ED4}.Debug|Any CPU.ActiveCfg = Debug|Any CPU
		{7E3BDE7A-7076-414F-9BAB-75DE7C771ED4}.Debug|Any CPU.Build.0 = Debug|Any CPU
		{7E3BDE7A-7076-414F-9BAB-75DE7C771ED4}.Release|Any CPU.ActiveCfg = Release|Any CPU
		{7E3BDE7A-7076-414F-9BAB-75DE7C771ED4}.Release|Any CPU.Build.0 = Release|Any CPU
		{7140BAE7-9535-4207-BC08-D36BB4AE363E}.Debug|Any CPU.ActiveCfg = Debug|Any CPU
		{7140BAE7-9535-4207-BC08-D36BB4AE363E}.Debug|Any CPU.Build.0 = Debug|Any CPU
		{7140BAE7-9535-4207-BC08-D36BB4AE363E}.Release|Any CPU.ActiveCfg = Release|Any CPU
		{7140BAE7-9535-4207-BC08-D36BB4AE363E}.Release|Any CPU.Build.0 = Release|Any CPU
	EndGlobalSection
	GlobalSection(SolutionProperties) = preSolution
		HideSolutionNode = FALSE
	EndGlobalSection
	GlobalSection(ExtensibilityGlobals) = postSolution
		SolutionGuid = {859156CF-8C22-471E-B899-579B7D0D2214}
	EndGlobalSection
EndGlobal
